
Microsoft Visual Studio Solution File, Format Version 12.00
# Visual Studio Version 17
VisualStudioVersion = 17.10.35004.147
MinimumVisualStudioVersion = 10.0.40219.1
Project("{FAE04EC0-301F-11D3-BF4B-00C04F79EFBC}") = "ATIVIDADE6", "ATIVIDADE6.csproj", "{47F6C1F5-35EB-4A52-920E-3FAEBF3A42BE}"
EndProject
Global
	GlobalSection(SolutionConfigurationPlatforms) = preSolution
		Debug|Any CPU = Debug|Any CPU
		Release|Any CPU = Release|Any CPU
	EndGlobalSection
	GlobalSection(ProjectConfigurationPlatforms) = postSolution
		{47F6C1F5-35EB-4A52-920E-3FAEBF3A42BE}.Debug|Any CPU.ActiveCfg = Debug|Any CPU
		{47F6C1F5-35EB-4A52-920E-3FAEBF3A42BE}.Debug|Any CPU.Build.0 = Debug|Any CPU
		{47F6C1F5-35EB-4A52-920E-3FAEBF3A42BE}.Release|Any CPU.ActiveCfg = Release|Any CPU
		{47F6C1F5-35EB-4A52-920E-3FAEBF3A42BE}.Release|Any CPU.Build.0 = Release|Any CPU
	EndGlobalSection
	GlobalSection(SolutionProperties) = preSolution
		HideSolutionNode = FALSE
	EndGlobalSection
	GlobalSection(ExtensibilityGlobals) = postSolution
		SolutionGuid = {635CCEDC-A14B-4583-8289-B7C683045138}
	EndGlobalSection
EndGlobal
